
Microsoft Visual Studio Solution File, Format Version 12.00
# Visual Studio Version 17
VisualStudioVersion = 17.10.35122.118
MinimumVisualStudioVersion = 10.0.40219.1
Project("{FAE04EC0-301F-11D3-BF4B-00C04F79EFBC}") = "Day7_CalculatorPrj", "Day7_CalculatorPrj\Day7_CalculatorPrj.csproj", "{4D7CB50B-7721-4F4C-8121-458168A900E7}"
EndProject
Project("{FAE04EC0-301F-11D3-BF4B-00C04F79EFBC}") = "CalcTest", "CalcTest\CalcTest.csproj", "{B50EF00B-50DA-49C0-BD83-E9F726A22647}"
EndProject
Global
	GlobalSection(SolutionConfigurationPlatforms) = preSolution
		Debug|Any CPU = Debug|Any CPU
		Release|Any CPU = Release|Any CPU
	EndGlobalSection
	GlobalSection(ProjectConfigurationPlatforms) = postSolution
		{4D7CB50B-7721-4F4C-8121-458168A900E7}.Debug|Any CPU.ActiveCfg = Debug|Any CPU
		{4D7CB50B-7721-4F4C-8121-458168A900E7}.Debug|Any CPU.Build.0 = Debug|Any CPU
		{4D7CB50B-7721-4F4C-8121-458168A900E7}.Release|Any CPU.ActiveCfg = Release|Any CPU
		{4D7CB50B-7721-4F4C-8121-458168A900E7}.Release|Any CPU.Build.0 = Release|Any CPU
		{B50EF00B-50DA-49C0-BD83-E9F726A22647}.Debug|Any CPU.ActiveCfg = Debug|Any CPU
		{B50EF00B-50DA-49C0-BD83-E9F726A22647}.Debug|Any CPU.Build.0 = Debug|Any CPU
		{B50EF00B-50DA-49C0-BD83-E9F726A22647}.Release|Any CPU.ActiveCfg = Release|Any CPU
		{B50EF00B-50DA-49C0-BD83-E9F726A22647}.Release|Any CPU.Build.0 = Release|Any CPU
	EndGlobalSection
	GlobalSection(SolutionProperties) = preSolution
		HideSolutionNode = FALSE
	EndGlobalSection
	GlobalSection(ExtensibilityGlobals) = postSolution
		SolutionGuid = {445BD88A-FF98-4DD4-B9F1-B23B57BE32CD}
	EndGlobalSection
EndGlobal
