
Microsoft Visual Studio Solution File, Format Version 12.00
# Visual Studio Version 17
VisualStudioVersion = 17.10.35122.118
MinimumVisualStudioVersion = 10.0.40219.1
Project("{FAE04EC0-301F-11D3-BF4B-00C04F79EFBC}") = "Day5_InterfaceOOPs", "Day5_InterfaceOOPs\Day5_InterfaceOOPs.csproj", "{EA5D4C60-6455-4C3F-9B58-3A876946F73B}"
EndProject
Global
	GlobalSection(SolutionConfigurationPlatforms) = preSolution
		Debug|Any CPU = Debug|Any CPU
		Release|Any CPU = Release|Any CPU
	EndGlobalSection
	GlobalSection(ProjectConfigurationPlatforms) = postSolution
		{EA5D4C60-6455-4C3F-9B58-3A876946F73B}.Debug|Any CPU.ActiveCfg = Debug|Any CPU
		{EA5D4C60-6455-4C3F-9B58-3A876946F73B}.Debug|Any CPU.Build.0 = Debug|Any CPU
		{EA5D4C60-6455-4C3F-9B58-3A876946F73B}.Release|Any CPU.ActiveCfg = Release|Any CPU
		{EA5D4C60-6455-4C3F-9B58-3A876946F73B}.Release|Any CPU.Build.0 = Release|Any CPU
	EndGlobalSection
	GlobalSection(SolutionProperties) = preSolution
		HideSolutionNode = FALSE
	EndGlobalSection
	GlobalSection(ExtensibilityGlobals) = postSolution
		SolutionGuid = {32FD4E1B-A0C4-4E19-AFF1-72F790C8BFDB}
	EndGlobalSection
EndGlobal
