Microsoft Visual Studio Solution File, Format Version 12.00
# Visual Studio Version 17
VisualStudioVersion = 17.5.2.0
MinimumVisualStudioVersion = 10.0.40219.1
Project("{FAE04EC0-301F-11D3-BF4B-00C04F79EFBC}") = "Day2_FirstConsole", "Day2_FirstConsole.csproj", "{76808683-71BF-040D-F905-18634567DDF3}"
EndProject
Global
	GlobalSection(SolutionConfigurationPlatforms) = preSolution
		Debug|Any CPU = Debug|Any CPU
		Release|Any CPU = Release|Any CPU
	EndGlobalSection
	GlobalSection(ProjectConfigurationPlatforms) = postSolution
		{76808683-71BF-040D-F905-18634567DDF3}.Debug|Any CPU.ActiveCfg = Debug|Any CPU
		{76808683-71BF-040D-F905-18634567DDF3}.Debug|Any CPU.Build.0 = Debug|Any CPU
		{76808683-71BF-040D-F905-18634567DDF3}.Release|Any CPU.ActiveCfg = Release|Any CPU
		{76808683-71BF-040D-F905-18634567DDF3}.Release|Any CPU.Build.0 = Release|Any CPU
	EndGlobalSection
	GlobalSection(SolutionProperties) = preSolution
		HideSolutionNode = FALSE
	EndGlobalSection
	GlobalSection(ExtensibilityGlobals) = postSolution
		SolutionGuid = {373A95B5-6D0E-4D6F-A486-AC568FBC61B3}
	EndGlobalSection
EndGlobal
